
Microsoft Visual Studio Solution File, Format Version 12.00
# Visual Studio Version 17
VisualStudioVersion = 17.10.35013.160
MinimumVisualStudioVersion = 10.0.40219.1
Project("{FAE04EC0-301F-11D3-BF4B-00C04F79EFBC}") = "MovieFinder", "MovieFinder.csproj", "{2D089607-6A52-49BF-928C-F7DB18559F77}"
EndProject
Global
	GlobalSection(SolutionConfigurationPlatforms) = preSolution
		Debug|Any CPU = Debug|Any CPU
		Release|Any CPU = Release|Any CPU
	EndGlobalSection
	GlobalSection(ProjectConfigurationPlatforms) = postSolution
		{2D089607-6A52-49BF-928C-F7DB18559F77}.Debug|Any CPU.ActiveCfg = Debug|Any CPU
		{2D089607-6A52-49BF-928C-F7DB18559F77}.Debug|Any CPU.Build.0 = Debug|Any CPU
		{2D089607-6A52-49BF-928C-F7DB18559F77}.Release|Any CPU.ActiveCfg = Release|Any CPU
		{2D089607-6A52-49BF-928C-F7DB18559F77}.Release|Any CPU.Build.0 = Release|Any CPU
	EndGlobalSection
	GlobalSection(SolutionProperties) = preSolution
		HideSolutionNode = FALSE
	EndGlobalSection
	GlobalSection(ExtensibilityGlobals) = postSolution
		SolutionGuid = {3A46CD63-8ECD-4BDE-BA6C-55B0DDED3033}
	EndGlobalSection
EndGlobal
